lockfileVersion: '9.0'

settings:
  autoInstallPeers: true
  excludeLinksFromLockfile: false

importers:

  .:
    dependencies:
      express-async-handler:
        specifier: ^1.2.0
        version: 1.2.0

packages:

  express-async-handler@1.2.0:
    resolution: {integrity: sha512-rCSVtPXRmQSW8rmik/AIb2P0op6l7r1fMW538yyvTMltCO4xQEWMmobfrIxN2V1/mVrgxB8Az3reYF6yUZw37w==}

snapshots:

  express-async-handler@1.2.0: {}
